// !$*UTF8*$!
{
	archiveVersion = 1;
	classes = {
	};
	objectVersion = 51;
	objects = {

/* Begin PBXBuildFile section */
		108EED5762A42521859717E0 /* Pods_TheMoviesDb.framework in Frameworks */ = {isa = PBXBuildFile; fileRef = 7B5B8DD7D249EE3A7F959F71 /* Pods_TheMoviesDb.framework */; };
		27BE8866BD26D9A10159F08E /* Pods_TheMoviesDb_TheMoviesDbUITests.framework in Frameworks */ = {isa = PBXBuildFile; fileRef = 849D56497348A08010E587D5 /* Pods_TheMoviesDb_TheMoviesDbUITests.framework */; };
		3EEA27D62448A6C60030B10C /* Strings.swift in Sources */ = {isa = PBXBuildFile; fileRef = 3EEA27D52448A6C60030B10C /* Strings.swift */; };
		3EEA27D82448A6D90030B10C /* Generals.swift in Sources */ = {isa = PBXBuildFile; fileRef = 3EEA27D72448A6D90030B10C /* Generals.swift */; };
		3EEA27DB2448AB810030B10C /* HomeViewController.swift in Sources */ = {isa = PBXBuildFile; fileRef = 3EEA27DA2448AB810030B10C /* HomeViewController.swift */; };
		3EEA27DF2448AB960030B10C /* AppDelegate.swift in Sources */ = {isa = PBXBuildFile; fileRef = 3EEA27DD2448AB960030B10C /* AppDelegate.swift */; };
		3EEA27E02448AB960030B10C /* SceneDelegate.swift in Sources */ = {isa = PBXBuildFile; fileRef = 3EEA27DE2448AB960030B10C /* SceneDelegate.swift */; };
		3EEA27E32448AE120030B10C /* UIButton+Extension.swift in Sources */ = {isa = PBXBuildFile; fileRef = 3EEA27E22448AE120030B10C /* UIButton+Extension.swift */; };
		5CC4373DC5F6619D5C6255C5 /* Pods_TheMoviesDbTests.framework in Frameworks */ = {isa = PBXBuildFile; fileRef = D16FC5EF060F831AD23629C0 /* Pods_TheMoviesDbTests.framework */; };
		845C73E024483E8B00CDAB62 /* ImageName.swift in Sources */ = {isa = PBXBuildFile; fileRef = 845C73DF24483E8B00CDAB62 /* ImageName.swift */; };
		845C73E32448459300CDAB62 /* HomeRecommendCollectionCell.swift in Sources */ = {isa = PBXBuildFile; fileRef = 845C73E22448459300CDAB62 /* HomeRecommendCollectionCell.swift */; };
		845C73E524485A6A00CDAB62 /* HomeRecommendViewCell.swift in Sources */ = {isa = PBXBuildFile; fileRef = 845C73E424485A6A00CDAB62 /* HomeRecommendViewCell.swift */; };
		846013FB2448665A0085583A /* HomeCategoryCollectionCell.swift in Sources */ = {isa = PBXBuildFile; fileRef = 846013FA2448665A0085583A /* HomeCategoryCollectionCell.swift */; };
		846013FD24486BD30085583A /* HomeCategoryViewCell.swift in Sources */ = {isa = PBXBuildFile; fileRef = 846013FC24486BD30085583A /* HomeCategoryViewCell.swift */; };
		846013FF24486F5A0085583A /* HomeHeaderSection.swift in Sources */ = {isa = PBXBuildFile; fileRef = 846013FE24486F5A0085583A /* HomeHeaderSection.swift */; };
		84601402244870FF0085583A /* UICollectionView+Extension.swift in Sources */ = {isa = PBXBuildFile; fileRef = 84601401244870FF0085583A /* UICollectionView+Extension.swift */; };
		84601404244885C20085583A /* HomeFilmCollectionCell.swift in Sources */ = {isa = PBXBuildFile; fileRef = 84601403244885C20085583A /* HomeFilmCollectionCell.swift */; };
		84601406244885D20085583A /* HomeFilmViewCell.swift in Sources */ = {isa = PBXBuildFile; fileRef = 84601405244885D20085583A /* HomeFilmViewCell.swift */; };
		84714FB5244809B70012F032 /* Main.storyboard in Resources */ = {isa = PBXBuildFile; fileRef = 84714FB3244809B70012F032 /* Main.storyboard */; };
		84714FB7244809B80012F032 /* Assets.xcassets in Resources */ = {isa = PBXBuildFile; fileRef = 84714FB6244809B80012F032 /* Assets.xcassets */; };
		84714FBA244809B80012F032 /* LaunchScreen.storyboard in Resources */ = {isa = PBXBuildFile; fileRef = 84714FB8244809B80012F032 /* LaunchScreen.storyboard */; };
		84714FC5244809B80012F032 /* TheMoviesDbTests.swift in Sources */ = {isa = PBXBuildFile; fileRef = 84714FC4244809B80012F032 /* TheMoviesDbTests.swift */; };
		84714FD0244809B80012F032 /* TheMoviesDbUITests.swift in Sources */ = {isa = PBXBuildFile; fileRef = 84714FCF244809B80012F032 /* TheMoviesDbUITests.swift */; };
/* End PBXBuildFile section */

/* Begin PBXContainerItemProxy section */
		84714FC1244809B80012F032 /* PBXContainerItemProxy */ = {
			isa = PBXContainerItemProxy;
			containerPortal = 84714FA2244809B70012F032 /* Project object */;
			proxyType = 1;
			remoteGlobalIDString = 84714FA9244809B70012F032;
			remoteInfo = TheMoviesDb;
		};
		84714FCC244809B80012F032 /* PBXContainerItemProxy */ = {
			isa = PBXContainerItemProxy;
			containerPortal = 84714FA2244809B70012F032 /* Project object */;
			proxyType = 1;
			remoteGlobalIDString = 84714FA9244809B70012F032;
			remoteInfo = TheMoviesDb;
		};
/* End PBXContainerItemProxy section */

/* Begin PBXFileReference section */
		03E9FB7E156C32E590555E21 /* Pods-TheMoviesDbTests.release.xcconfig */ = {isa = PBXFileReference; includeInIndex = 1; lastKnownFileType = text.xcconfig; name = "Pods-TheMoviesDbTests.release.xcconfig"; path = "Target Support Files/Pods-TheMoviesDbTests/Pods-TheMoviesDbTests.release.xcconfig"; sourceTree = "<group>"; };
		0DF74C5DDC30D44FC44C43DA /* Pods-TheMoviesDb.debug.xcconfig */ = {isa = PBXFileReference; includeInIndex = 1; lastKnownFileType = text.xcconfig; name = "Pods-TheMoviesDb.debug.xcconfig"; path = "Target Support Files/Pods-TheMoviesDb/Pods-TheMoviesDb.debug.xcconfig"; sourceTree = "<group>"; };
		3EEA27D52448A6C60030B10C /* Strings.swift */ = {isa = PBXFileReference; lastKnownFileType = sourcecode.swift; path = Strings.swift; sourceTree = "<group>"; };
		3EEA27D72448A6D90030B10C /* Generals.swift */ = {isa = PBXFileReference; lastKnownFileType = sourcecode.swift; path = Generals.swift; sourceTree = "<group>"; };
		3EEA27DA2448AB810030B10C /* HomeViewController.swift */ = {isa = PBXFileReference; fileEncoding = 4; lastKnownFileType = sourcecode.swift; path = HomeViewController.swift; sourceTree = "<group>"; };
		3EEA27DD2448AB960030B10C /* AppDelegate.swift */ = {isa = PBXFileReference; fileEncoding = 4; lastKnownFileType = sourcecode.swift; path = AppDelegate.swift; sourceTree = "<group>"; };
		3EEA27DE2448AB960030B10C /* SceneDelegate.swift */ = {isa = PBXFileReference; fileEncoding = 4; lastKnownFileType = sourcecode.swift; path = SceneDelegate.swift; sourceTree = "<group>"; };
		3EEA27E22448AE120030B10C /* UIButton+Extension.swift */ = {isa = PBXFileReference; lastKnownFileType = sourcecode.swift; path = "UIButton+Extension.swift"; sourceTree = "<group>"; };
		7B5B8DD7D249EE3A7F959F71 /* Pods_TheMoviesDb.framework */ = {isa = PBXFileReference; explicitFileType = wrapper.framework; includeInIndex = 0; path = Pods_TheMoviesDb.framework; sourceTree = BUILT_PRODUCTS_DIR; };
		7B5DB13F1F35294CBE566670 /* Pods-TheMoviesDb.release.xcconfig */ = {isa = PBXFileReference; includeInIndex = 1; lastKnownFileType = text.xcconfig; name = "Pods-TheMoviesDb.release.xcconfig"; path = "Target Support Files/Pods-TheMoviesDb/Pods-TheMoviesDb.release.xcconfig"; sourceTree = "<group>"; };
		845C73DF24483E8B00CDAB62 /* ImageName.swift */ = {isa = PBXFileReference; lastKnownFileType = sourcecode.swift; path = ImageName.swift; sourceTree = "<group>"; };
		845C73E22448459300CDAB62 /* HomeRecommendCollectionCell.swift */ = {isa = PBXFileReference; lastKnownFileType = sourcecode.swift; path = HomeRecommendCollectionCell.swift; sourceTree = "<group>"; };
		845C73E424485A6A00CDAB62 /* HomeRecommendViewCell.swift */ = {isa = PBXFileReference; lastKnownFileType = sourcecode.swift; path = HomeRecommendViewCell.swift; sourceTree = "<group>"; };
		846013FA2448665A0085583A /* HomeCategoryCollectionCell.swift */ = {isa = PBXFileReference; lastKnownFileType = sourcecode.swift; path = HomeCategoryCollectionCell.swift; sourceTree = "<group>"; };
		846013FC24486BD30085583A /* HomeCategoryViewCell.swift */ = {isa = PBXFileReference; lastKnownFileType = sourcecode.swift; path = HomeCategoryViewCell.swift; sourceTree = "<group>"; };
		846013FE24486F5A0085583A /* HomeHeaderSection.swift */ = {isa = PBXFileReference; lastKnownFileType = sourcecode.swift; path = HomeHeaderSection.swift; sourceTree = "<group>"; };
		84601401244870FF0085583A /* UICollectionView+Extension.swift */ = {isa = PBXFileReference; lastKnownFileType = sourcecode.swift; path = "UICollectionView+Extension.swift"; sourceTree = "<group>"; };
		84601403244885C20085583A /* HomeFilmCollectionCell.swift */ = {isa = PBXFileReference; lastKnownFileType = sourcecode.swift; path = HomeFilmCollectionCell.swift; sourceTree = "<group>"; };
		84601405244885D20085583A /* HomeFilmViewCell.swift */ = {isa = PBXFileReference; lastKnownFileType = sourcecode.swift; path = HomeFilmViewCell.swift; sourceTree = "<group>"; };
		84714FAA244809B70012F032 /* TheMoviesDb.app */ = {isa = PBXFileReference; explicitFileType = wrapper.application; includeInIndex = 0; path = TheMoviesDb.app; sourceTree = BUILT_PRODUCTS_DIR; };
		84714FB4244809B70012F032 /* Base */ = {isa = PBXFileReference; lastKnownFileType = file.storyboard; name = Base; path = Base.lproj/Main.storyboard; sourceTree = "<group>"; };
		84714FB6244809B80012F032 /* Assets.xcassets */ = {isa = PBXFileReference; lastKnownFileType = folder.assetcatalog; path = Assets.xcassets; sourceTree = "<group>"; };
		84714FB9244809B80012F032 /* Base */ = {isa = PBXFileReference; lastKnownFileType = file.storyboard; name = Base; path = Base.lproj/LaunchScreen.storyboard; sourceTree = "<group>"; };
		84714FBB244809B80012F032 /* Info.plist */ = {isa = PBXFileReference; lastKnownFileType = text.plist.xml; path = Info.plist; sourceTree = "<group>"; };
		84714FC0244809B80012F032 /* TheMoviesDbTests.xctest */ = {isa = PBXFileReference; explicitFileType = wrapper.cfbundle; includeInIndex = 0; path = TheMoviesDbTests.xctest; sourceTree = BUILT_PRODUCTS_DIR; };
		84714FC4244809B80012F032 /* TheMoviesDbTests.swift */ = {isa = PBXFileReference; lastKnownFileType = sourcecode.swift; path = TheMoviesDbTests.swift; sourceTree = "<group>"; };
		84714FC6244809B80012F032 /* Info.plist */ = {isa = PBXFileReference; lastKnownFileType = text.plist.xml; path = Info.plist; sourceTree = "<group>"; };
		84714FCB244809B80012F032 /* TheMoviesDbUITests.xctest */ = {isa = PBXFileReference; explicitFileType = wrapper.cfbundle; includeInIndex = 0; path = TheMoviesDbUITests.xctest; sourceTree = BUILT_PRODUCTS_DIR; };
		84714FCF244809B80012F032 /* TheMoviesDbUITests.swift */ = {isa = PBXFileReference; lastKnownFileType = sourcecode.swift; path = TheMoviesDbUITests.swift; sourceTree = "<group>"; };
		84714FD1244809B80012F032 /* Info.plist */ = {isa = PBXFileReference; lastKnownFileType = text.plist.xml; path = Info.plist; sourceTree = "<group>"; };
		849D56497348A08010E587D5 /* Pods_TheMoviesDb_TheMoviesDbUITests.framework */ = {isa = PBXFileReference; explicitFileType = wrapper.framework; includeInIndex = 0; path = Pods_TheMoviesDb_TheMoviesDbUITests.framework; sourceTree = BUILT_PRODUCTS_DIR; };
		CC927FBA23AE468B510F280F /* Pods-TheMoviesDb-TheMoviesDbUITests.debug.xcconfig */ = {isa = PBXFileReference; includeInIndex = 1; lastKnownFileType = text.xcconfig; name = "Pods-TheMoviesDb-TheMoviesDbUITests.debug.xcconfig"; path = "Target Support Files/Pods-TheMoviesDb-TheMoviesDbUITests/Pods-TheMoviesDb-TheMoviesDbUITests.debug.xcconfig"; sourceTree = "<group>"; };
		D16FC5EF060F831AD23629C0 /* Pods_TheMoviesDbTests.framework */ = {isa = PBXFileReference; explicitFileType = wrapper.framework; includeInIndex = 0; path = Pods_TheMoviesDbTests.framework; sourceTree = BUILT_PRODUCTS_DIR; };
		ECCFE4F2B4EC94D075A91BEB /* Pods-TheMoviesDbTests.debug.xcconfig */ = {isa = PBXFileReference; includeInIndex = 1; lastKnownFileType = text.xcconfig; name = "Pods-TheMoviesDbTests.debug.xcconfig"; path = "Target Support Files/Pods-TheMoviesDbTests/Pods-TheMoviesDbTests.debug.xcconfig"; sourceTree = "<group>"; };
		F2D245B56F97BB71FDF235F2 /* Pods-TheMoviesDb-TheMoviesDbUITests.release.xcconfig */ = {isa = PBXFileReference; includeInIndex = 1; lastKnownFileType = text.xcconfig; name = "Pods-TheMoviesDb-TheMoviesDbUITests.release.xcconfig"; path = "Target Support Files/Pods-TheMoviesDb-TheMoviesDbUITests/Pods-TheMoviesDb-TheMoviesDbUITests.release.xcconfig"; sourceTree = "<group>"; };
/* End PBXFileReference section */

/* Begin PBXFrameworksBuildPhase section */
		84714FA7244809B70012F032 /* Frameworks */ = {
			isa = PBXFrameworksBuildPhase;
			buildActionMask = 2147483647;
			files = (
				108EED5762A42521859717E0 /* Pods_TheMoviesDb.framework in Frameworks */,
			);
			runOnlyForDeploymentPostprocessing = 0;
		};
		84714FBD244809B80012F032 /* Frameworks */ = {
			isa = PBXFrameworksBuildPhase;
			buildActionMask = 2147483647;
			files = (
				5CC4373DC5F6619D5C6255C5 /* Pods_TheMoviesDbTests.framework in Frameworks */,
			);
			runOnlyForDeploymentPostprocessing = 0;
		};
		84714FC8244809B80012F032 /* Frameworks */ = {
			isa = PBXFrameworksBuildPhase;
			buildActionMask = 2147483647;
			files = (
				27BE8866BD26D9A10159F08E /* Pods_TheMoviesDb_TheMoviesDbUITests.framework in Frameworks */,
			);
			runOnlyForDeploymentPostprocessing = 0;
		};
/* End PBXFrameworksBuildPhase section */

/* Begin PBXGroup section */
		14672A4B1555CD2834AA9D45 /* Frameworks */ = {
			isa = PBXGroup;
			children = (
				7B5B8DD7D249EE3A7F959F71 /* Pods_TheMoviesDb.framework */,
				849D56497348A08010E587D5 /* Pods_TheMoviesDb_TheMoviesDbUITests.framework */,
				D16FC5EF060F831AD23629C0 /* Pods_TheMoviesDbTests.framework */,
			);
			name = Frameworks;
			sourceTree = "<group>";
		};
		3EEA27D92448AB810030B10C /* ViewControllers */ = {
			isa = PBXGroup;
			children = (
				3EEA27DA2448AB810030B10C /* HomeViewController.swift */,
			);
			path = ViewControllers;
			sourceTree = "<group>";
		};
		3EEA27DC2448AB960030B10C /* Supporting Files */ = {
			isa = PBXGroup;
			children = (
				84714FB6244809B80012F032 /* Assets.xcassets */,
				84714FBB244809B80012F032 /* Info.plist */,
				3EEA27DD2448AB960030B10C /* AppDelegate.swift */,
				3EEA27DE2448AB960030B10C /* SceneDelegate.swift */,
			);
			path = "Supporting Files";
			sourceTree = "<group>";
		};
		3EEA27E12448ABA50030B10C /* Storyboards */ = {
			isa = PBXGroup;
			children = (
				84714FB3244809B70012F032 /* Main.storyboard */,
				84714FB8244809B80012F032 /* LaunchScreen.storyboard */,
			);
			path = Storyboards;
			sourceTree = "<group>";
		};
		845C73E12448457E00CDAB62 /* Cells */ = {
			isa = PBXGroup;
			children = (
				845C73E22448459300CDAB62 /* HomeRecommendCollectionCell.swift */,
				846013FA2448665A0085583A /* HomeCategoryCollectionCell.swift */,
				84601403244885C20085583A /* HomeFilmCollectionCell.swift */,
				845C73E424485A6A00CDAB62 /* HomeRecommendViewCell.swift */,
				846013FC24486BD30085583A /* HomeCategoryViewCell.swift */,
				84601405244885D20085583A /* HomeFilmViewCell.swift */,
				846013FE24486F5A0085583A /* HomeHeaderSection.swift */,
			);
			path = Cells;
			sourceTree = "<group>";
		};
		84601400244870E60085583A /* Commons */ = {
			isa = PBXGroup;
			children = (
				3EEA27D52448A6C60030B10C /* Strings.swift */,
				3EEA27D72448A6D90030B10C /* Generals.swift */,
				845C73DF24483E8B00CDAB62 /* ImageName.swift */,
				84601401244870FF0085583A /* UICollectionView+Extension.swift */,
				3EEA27E22448AE120030B10C /* UIButton+Extension.swift */,
			);
			path = Commons;
			sourceTree = "<group>";
		};
		84714FA1244809B70012F032 = {
			isa = PBXGroup;
			children = (
				84714FAC244809B70012F032 /* TheMoviesDb */,
				84714FC3244809B80012F032 /* TheMoviesDbTests */,
				84714FCE244809B80012F032 /* TheMoviesDbUITests */,
				84714FAB244809B70012F032 /* Products */,
				9CA3805BF0211AEF24AD1571 /* Pods */,
				14672A4B1555CD2834AA9D45 /* Frameworks */,
			);
			sourceTree = "<group>";
		};
		84714FAB244809B70012F032 /* Products */ = {
			isa = PBXGroup;
			children = (
				84714FAA244809B70012F032 /* TheMoviesDb.app */,
				84714FC0244809B80012F032 /* TheMoviesDbTests.xctest */,
				84714FCB244809B80012F032 /* TheMoviesDbUITests.xctest */,
			);
			name = Products;
			sourceTree = "<group>";
		};
		84714FAC244809B70012F032 /* TheMoviesDb */ = {
			isa = PBXGroup;
			children = (
				3EEA27E12448ABA50030B10C /* Storyboards */,
				84601400244870E60085583A /* Commons */,
				845C73E12448457E00CDAB62 /* Cells */,
				3EEA27DC2448AB960030B10C /* Supporting Files */,
				3EEA27D92448AB810030B10C /* ViewControllers */,
			);
			path = TheMoviesDb;
			sourceTree = "<group>";
		};
		84714FC3244809B80012F032 /* TheMoviesDbTests */ = {
			isa = PBXGroup;
			children = (
				84714FC4244809B80012F032 /* TheMoviesDbTests.swift */,
				84714FC6244809B80012F032 /* Info.plist */,
			);
			path = TheMoviesDbTests;
			sourceTree = "<group>";
		};
		84714FCE244809B80012F032 /* TheMoviesDbUITests */ = {
			isa = PBXGroup;
			children = (
				84714FCF244809B80012F032 /* TheMoviesDbUITests.swift */,
				84714FD1244809B80012F032 /* Info.plist */,
			);
			path = TheMoviesDbUITests;
			sourceTree = "<group>";
		};
		9CA3805BF0211AEF24AD1571 /* Pods */ = {
			isa = PBXGroup;
			children = (
				0DF74C5DDC30D44FC44C43DA /* Pods-TheMoviesDb.debug.xcconfig */,
				7B5DB13F1F35294CBE566670 /* Pods-TheMoviesDb.release.xcconfig */,
				CC927FBA23AE468B510F280F /* Pods-TheMoviesDb-TheMoviesDbUITests.debug.xcconfig */,
				F2D245B56F97BB71FDF235F2 /* Pods-TheMoviesDb-TheMoviesDbUITests.release.xcconfig */,
				ECCFE4F2B4EC94D075A91BEB /* Pods-TheMoviesDbTests.debug.xcconfig */,
				03E9FB7E156C32E590555E21 /* Pods-TheMoviesDbTests.release.xcconfig */,
			);
			path = Pods;
			sourceTree = "<group>";
		};
/* End PBXGroup section */

/* Begin PBXNativeTarget section */
		84714FA9244809B70012F032 /* TheMoviesDb */ = {
			isa = PBXNativeTarget;
			buildConfigurationList = 84714FD4244809B80012F032 /* Build configuration list for PBXNativeTarget "TheMoviesDb" */;
			buildPhases = (
				3ED7522C1F4C7AC55675A500 /* [CP] Check Pods Manifest.lock */,
				84714FA6244809B70012F032 /* Sources */,
				84714FA7244809B70012F032 /* Frameworks */,
				84714FA8244809B70012F032 /* Resources */,
				9BA2F05E87C34DBD7B49C778 /* [CP] Embed Pods Frameworks */,
			);
			buildRules = (
			);
			dependencies = (
			);
			name = TheMoviesDb;
			productName = TheMoviesDb;
			productReference = 84714FAA244809B70012F032 /* TheMoviesDb.app */;
			productType = "com.apple.product-type.application";
		};
		84714FBF244809B80012F032 /* TheMoviesDbTests */ = {
			isa = PBXNativeTarget;
			buildConfigurationList = 84714FD7244809B80012F032 /* Build configuration list for PBXNativeTarget "TheMoviesDbTests" */;
			buildPhases = (
				0A3631170948A2883FF2EFA8 /* [CP] Check Pods Manifest.lock */,
				84714FBC244809B80012F032 /* Sources */,
				84714FBD244809B80012F032 /* Frameworks */,
				84714FBE244809B80012F032 /* Resources */,
			);
			buildRules = (
			);
			dependencies = (
				84714FC2244809B80012F032 /* PBXTargetDependency */,
			);
			name = TheMoviesDbTests;
			productName = TheMoviesDbTests;
			productReference = 84714FC0244809B80012F032 /* TheMoviesDbTests.xctest */;
			productType = "com.apple.product-type.bundle.unit-test";
		};
		84714FCA244809B80012F032 /* TheMoviesDbUITests */ = {
			isa = PBXNativeTarget;
			buildConfigurationList = 84714FDA244809B80012F032 /* Build configuration list for PBXNativeTarget "TheMoviesDbUITests" */;
			buildPhases = (
				BB94F2419F859DD0A5FFC154 /* [CP] Check Pods Manifest.lock */,
				84714FC7244809B80012F032 /* Sources */,
				84714FC8244809B80012F032 /* Frameworks */,
				84714FC9244809B80012F032 /* Resources */,
				987776BA88E231F783E0CEAE /* [CP] Embed Pods Frameworks */,
			);
			buildRules = (
			);
			dependencies = (
				84714FCD244809B80012F032 /* PBXTargetDependency */,
			);
			name = TheMoviesDbUITests;
			productName = TheMoviesDbUITests;
			productReference = 84714FCB244809B80012F032 /* TheMoviesDbUITests.xctest */;
			productType = "com.apple.product-type.bundle.ui-testing";
		};
/* End PBXNativeTarget section */

/* Begin PBXProject section */
		84714FA2244809B70012F032 /* Project object */ = {
			isa = PBXProject;
			attributes = {
				LastSwiftUpdateCheck = 1130;
				LastUpgradeCheck = 1130;
				ORGANIZATIONNAME = admin;
				TargetAttributes = {
					84714FA9244809B70012F032 = {
						CreatedOnToolsVersion = 11.3.1;
					};
					84714FBF244809B80012F032 = {
						CreatedOnToolsVersion = 11.3.1;
						TestTargetID = 84714FA9244809B70012F032;
					};
					84714FCA244809B80012F032 = {
						CreatedOnToolsVersion = 11.3.1;
						TestTargetID = 84714FA9244809B70012F032;
					};
				};
			};
			buildConfigurationList = 84714FA5244809B70012F032 /* Build configuration list for PBXProject "TheMoviesDb" */;
			compatibilityVersion = "Xcode 9.3";
			developmentRegion = en;
			hasScannedForEncodings = 0;
			knownRegions = (
				en,
				Base,
			);
			mainGroup = 84714FA1244809B70012F032;
			productRefGroup = 84714FAB244809B70012F032 /* Products */;
			projectDirPath = "";
			projectRoot = "";
			targets = (
				84714FA9244809B70012F032 /* TheMoviesDb */,
				84714FBF244809B80012F032 /* TheMoviesDbTests */,
				84714FCA244809B80012F032 /* TheMoviesDbUITests */,
			);
		};
/* End PBXProject section */

/* Begin PBXResourcesBuildPhase section */
		84714FA8244809B70012F032 /* Resources */ = {
			isa = PBXResourcesBuildPhase;
			buildActionMask = 2147483647;
			files = (
				84714FBA244809B80012F032 /* LaunchScreen.storyboard in Resources */,
				84714FB7244809B80012F032 /* Assets.xcassets in Resources */,
				84714FB5244809B70012F032 /* Main.storyboard in Resources */,
			);
			runOnlyForDeploymentPostprocessing = 0;
		};
		84714FBE244809B80012F032 /* Resources */ = {
			isa = PBXResourcesBuildPhase;
			buildActionMask = 2147483647;
			files = (
			);
			runOnlyForDeploymentPostprocessing = 0;
		};
		84714FC9244809B80012F032 /* Resources */ = {
			isa = PBXResourcesBuildPhase;
			buildActionMask = 2147483647;
			files = (
			);
			runOnlyForDeploymentPostprocessing = 0;
		};
/* End PBXResourcesBuildPhase section */

/* Begin PBXShellScriptBuildPhase section */
		0A3631170948A2883FF2EFA8 /* [CP] Check Pods Manifest.lock */ = {
			isa = PBXShellScriptBuildPhase;
			buildActionMask = 2147483647;
			files = (
			);
			inputFileListPaths = (
			);
			inputPaths = (
				"${PODS_PODFILE_DIR_PATH}/Podfile.lock",
				"${PODS_ROOT}/Manifest.lock",
			);
			name = "[CP] Check Pods Manifest.lock";
			outputFileListPaths = (
			);
			outputPaths = (
				"$(DERIVED_FILE_DIR)/Pods-TheMoviesDbTests-checkManifestLockResult.txt",
			);
			runOnlyForDeploymentPostprocessing = 0;
			shellPath = /bin/sh;
			shellScript = "diff \"${PODS_PODFILE_DIR_PATH}/Podfile.lock\" \"${PODS_ROOT}/Manifest.lock\" > /dev/null\nif [ $? != 0 ] ; then\n    # print error to STDERR\n    echo \"error: The sandbox is not in sync with the Podfile.lock. Run 'pod install' or update your CocoaPods installation.\" >&2\n    exit 1\nfi\n# This output is used by Xcode 'outputs' to avoid re-running this script phase.\necho \"SUCCESS\" > \"${SCRIPT_OUTPUT_FILE_0}\"\n";
			showEnvVarsInLog = 0;
		};
		3ED7522C1F4C7AC55675A500 /* [CP] Check Pods Manifest.lock */ = {
			isa = PBXShellScriptBuildPhase;
			buildActionMask = 2147483647;
			files = (
			);
			inputFileListPaths = (
			);
			inputPaths = (
				"${PODS_PODFILE_DIR_PATH}/Podfile.lock",
				"${PODS_ROOT}/Manifest.lock",
			);
			name = "[CP] Check Pods Manifest.lock";
			outputFileListPaths = (
			);
			outputPaths = (
				"$(DERIVED_FILE_DIR)/Pods-TheMoviesDb-checkManifestLockResult.txt",
			);
			runOnlyForDeploymentPostprocessing = 0;
			shellPath = /bin/sh;
			shellScript = "diff \"${PODS_PODFILE_DIR_PATH}/Podfile.lock\" \"${PODS_ROOT}/Manifest.lock\" > /dev/null\nif [ $? != 0 ] ; then\n    # print error to STDERR\n    echo \"error: The sandbox is not in sync with the Podfile.lock. Run 'pod install' or update your CocoaPods installation.\" >&2\n    exit 1\nfi\n# This output is used by Xcode 'outputs' to avoid re-running this script phase.\necho \"SUCCESS\" > \"${SCRIPT_OUTPUT_FILE_0}\"\n";
			showEnvVarsInLog = 0;
		};
		987776BA88E231F783E0CEAE /* [CP] Embed Pods Frameworks */ = {
			isa = PBXShellScriptBuildPhase;
			buildActionMask = 2147483647;
			files = (
			);
			inputFileListPaths = (
				"${PODS_ROOT}/Target Support Files/Pods-TheMoviesDb-TheMoviesDbUITests/Pods-TheMoviesDb-TheMoviesDbUITests-frameworks-${CONFIGURATION}-input-files.xcfilelist",
			);
			name = "[CP] Embed Pods Frameworks";
			outputFileListPaths = (
				"${PODS_ROOT}/Target Support Files/Pods-TheMoviesDb-TheMoviesDbUITests/Pods-TheMoviesDb-TheMoviesDbUITests-frameworks-${CONFIGURATION}-output-files.xcfilelist",
			);
			runOnlyForDeploymentPostprocessing = 0;
			shellPath = /bin/sh;
			shellScript = "\"${PODS_ROOT}/Target Support Files/Pods-TheMoviesDb-TheMoviesDbUITests/Pods-TheMoviesDb-TheMoviesDbUITests-frameworks.sh\"\n";
			showEnvVarsInLog = 0;
		};
		9BA2F05E87C34DBD7B49C778 /* [CP] Embed Pods Frameworks */ = {
			isa = PBXShellScriptBuildPhase;
			buildActionMask = 2147483647;
			files = (
			);
			inputFileListPaths = (
				"${PODS_ROOT}/Target Support Files/Pods-TheMoviesDb/Pods-TheMoviesDb-frameworks-${CONFIGURATION}-input-files.xcfilelist",
			);
			name = "[CP] Embed Pods Frameworks";
			outputFileListPaths = (
				"${PODS_ROOT}/Target Support Files/Pods-TheMoviesDb/Pods-TheMoviesDb-frameworks-${CONFIGURATION}-output-files.xcfilelist",
			);
			runOnlyForDeploymentPostprocessing = 0;
			shellPath = /bin/sh;
			shellScript = "\"${PODS_ROOT}/Target Support Files/Pods-TheMoviesDb/Pods-TheMoviesDb-frameworks.sh\"\n";
			showEnvVarsInLog = 0;
		};
		BB94F2419F859DD0A5FFC154 /* [CP] Check Pods Manifest.lock */ = {
			isa = PBXShellScriptBuildPhase;
			buildActionMask = 2147483647;
			files = (
			);
			inputFileListPaths = (
			);
			inputPaths = (
				"${PODS_PODFILE_DIR_PATH}/Podfile.lock",
				"${PODS_ROOT}/Manifest.lock",
			);
			name = "[CP] Check Pods Manifest.lock";
			outputFileListPaths = (
			);
			outputPaths = (
				"$(DERIVED_FILE_DIR)/Pods-TheMoviesDb-TheMoviesDbUITests-checkManifestLockResult.txt",
			);
			runOnlyForDeploymentPostprocessing = 0;
			shellPath = /bin/sh;
			shellScript = "diff \"${PODS_PODFILE_DIR_PATH}/Podfile.lock\" \"${PODS_ROOT}/Manifest.lock\" > /dev/null\nif [ $? != 0 ] ; then\n    # print error to STDERR\n    echo \"error: The sandbox is not in sync with the Podfile.lock. Run 'pod install' or update your CocoaPods installation.\" >&2\n    exit 1\nfi\n# This output is used by Xcode 'outputs' to avoid re-running this script phase.\necho \"SUCCESS\" > \"${SCRIPT_OUTPUT_FILE_0}\"\n";
			showEnvVarsInLog = 0;
		};
/* End PBXShellScriptBuildPhase section */

/* Begin PBXSourcesBuildPhase section */
		84714FA6244809B70012F032 /* Sources */ = {
			isa = PBXSourcesBuildPhase;
			buildActionMask = 2147483647;
			files = (
				845C73E524485A6A00CDAB62 /* HomeRecommendViewCell.swift in Sources */,
				84601404244885C20085583A /* HomeFilmCollectionCell.swift in Sources */,
				3EEA27DF2448AB960030B10C /* AppDelegate.swift in Sources */,
				845C73E32448459300CDAB62 /* HomeRecommendCollectionCell.swift in Sources */,
				846013FF24486F5A0085583A /* HomeHeaderSection.swift in Sources */,
				3EEA27DB2448AB810030B10C /* HomeViewController.swift in Sources */,
				3EEA27E02448AB960030B10C /* SceneDelegate.swift in Sources */,
				846013FB2448665A0085583A /* HomeCategoryCollectionCell.swift in Sources */,
				3EEA27E32448AE120030B10C /* UIButton+Extension.swift in Sources */,
				3EEA27D62448A6C60030B10C /* Strings.swift in Sources */,
				3EEA27D82448A6D90030B10C /* Generals.swift in Sources */,
				84601402244870FF0085583A /* UICollectionView+Extension.swift in Sources */,
				845C73E024483E8B00CDAB62 /* ImageName.swift in Sources */,
				84601406244885D20085583A /* HomeFilmViewCell.swift in Sources */,
				846013FD24486BD30085583A /* HomeCategoryViewCell.swift in Sources */,
			);
			runOnlyForDeploymentPostprocessing = 0;
		};
		84714FBC244809B80012F032 /* Sources */ = {
			isa = PBXSourcesBuildPhase;
			buildActionMask = 2147483647;
			files = (
				84714FC5244809B80012F032 /* TheMoviesDbTests.swift in Sources */,
			);
			runOnlyForDeploymentPostprocessing = 0;
		};
		84714FC7244809B80012F032 /* Sources */ = {
			isa = PBXSourcesBuildPhase;
			buildActionMask = 2147483647;
			files = (
				84714FD0244809B80012F032 /* TheMoviesDbUITests.swift in Sources */,
			);
			runOnlyForDeploymentPostprocessing = 0;
		};
/* End PBXSourcesBuildPhase section */

/* Begin PBXTargetDependency section */
		84714FC2244809B80012F032 /* PBXTargetDependency */ = {
			isa = PBXTargetDependency;
			target = 84714FA9244809B70012F032 /* TheMoviesDb */;
			targetProxy = 84714FC1244809B80012F032 /* PBXContainerItemProxy */;
		};
		84714FCD244809B80012F032 /* PBXTargetDependency */ = {
			isa = PBXTargetDependency;
			target = 84714FA9244809B70012F032 /* TheMoviesDb */;
			targetProxy = 84714FCC244809B80012F032 /* PBXContainerItemProxy */;
		};
/* End PBXTargetDependency section */

/* Begin PBXVariantGroup section */
		84714FB3244809B70012F032 /* Main.storyboard */ = {
			isa = PBXVariantGroup;
			children = (
				84714FB4244809B70012F032 /* Base */,
			);
			name = Main.storyboard;
			sourceTree = "<group>";
		};
		84714FB8244809B80012F032 /* LaunchScreen.storyboard */ = {
			isa = PBXVariantGroup;
			children = (
				84714FB9244809B80012F032 /* Base */,
			);
			name = LaunchScreen.storyboard;
			sourceTree = "<group>";
		};
/* End PBXVariantGroup section */

/* Begin XCBuildConfiguration section */
		84714FD2244809B80012F032 /* Debug */ = {
			isa = XCBuildConfiguration;
			buildSettings = {
				ALWAYS_SEARCH_USER_PATHS = NO;
				CLANG_ANALYZER_NONNULL = YES;
				CLANG_ANALYZER_NUMBER_OBJECT_CONVERSION = YES_AGGRESSIVE;
				CLANG_CXX_LANGUAGE_STANDARD = "gnu++14";
				CLANG_CXX_LIBRARY = "libc++";
				CLANG_ENABLE_MODULES = YES;
				CLANG_ENABLE_OBJC_ARC = YES;
				CLANG_ENABLE_OBJC_WEAK = YES;
				CLANG_WARN_BLOCK_CAPTURE_AUTORELEASING = YES;
				CLANG_WARN_BOOL_CONVERSION = YES;
				CLANG_WARN_COMMA = YES;
				CLANG_WARN_CONSTANT_CONVERSION = YES;
				CLANG_WARN_DEPRECATED_OBJC_IMPLEMENTATIONS = YES;
				CLANG_WARN_DIRECT_OBJC_ISA_USAGE = YES_ERROR;
				CLANG_WARN_DOCUMENTATION_COMMENTS = YES;
				CLANG_WARN_EMPTY_BODY = YES;
				CLANG_WARN_ENUM_CONVERSION = YES;
				CLANG_WARN_INFINITE_RECURSION = YES;
				CLANG_WARN_INT_CONVERSION = YES;
				CLANG_WARN_NON_LITERAL_NULL_CONVERSION = YES;
				CLANG_WARN_OBJC_IMPLICIT_RETAIN_SELF = YES;
				CLANG_WARN_OBJC_LITERAL_CONVERSION = YES;
				CLANG_WARN_OBJC_ROOT_CLASS = YES_ERROR;
				CLANG_WARN_RANGE_LOOP_ANALYSIS = YES;
				CLANG_WARN_STRICT_PROTOTYPES = YES;
				CLANG_WARN_SUSPICIOUS_MOVE = YES;
				CLANG_WARN_UNGUARDED_AVAILABILITY = YES_AGGRESSIVE;
				CLANG_WARN_UNREACHABLE_CODE = YES;
				CLANG_WARN__DUPLICATE_METHOD_MATCH = YES;
				COPY_PHASE_STRIP = NO;
				DEBUG_INFORMATION_FORMAT = dwarf;
				ENABLE_STRICT_OBJC_MSGSEND = YES;
				ENABLE_TESTABILITY = YES;
				GCC_C_LANGUAGE_STANDARD = gnu11;
				GCC_DYNAMIC_NO_PIC = NO;
				GCC_NO_COMMON_BLOCKS = YES;
				GCC_OPTIMIZATION_LEVEL = 0;
				GCC_PREPROCESSOR_DEFINITIONS = (
					"DEBUG=1",
					"$(inherited)",
				);
				GCC_WARN_64_TO_32_BIT_CONVERSION = YES;
				GCC_WARN_ABOUT_RETURN_TYPE = YES_ERROR;
				GCC_WARN_UNDECLARED_SELECTOR = YES;
				GCC_WARN_UNINITIALIZED_AUTOS = YES_AGGRESSIVE;
				GCC_WARN_UNUSED_FUNCTION = YES;
				GCC_WARN_UNUSED_VARIABLE = YES;
				IPHONEOS_DEPLOYMENT_TARGET = 13.2;
				MTL_ENABLE_DEBUG_INFO = INCLUDE_SOURCE;
				MTL_FAST_MATH = YES;
				ONLY_ACTIVE_ARCH = YES;
				SDKROOT = iphoneos;
				SWIFT_ACTIVE_COMPILATION_CONDITIONS = DEBUG;
				SWIFT_OPTIMIZATION_LEVEL = "-Onone";
			};
			name = Debug;
		};
		84714FD3244809B80012F032 /* Release */ = {
			isa = XCBuildConfiguration;
			buildSettings = {
				ALWAYS_SEARCH_USER_PATHS = NO;
				CLANG_ANALYZER_NONNULL = YES;
				CLANG_ANALYZER_NUMBER_OBJECT_CONVERSION = YES_AGGRESSIVE;
				CLANG_CXX_LANGUAGE_STANDARD = "gnu++14";
				CLANG_CXX_LIBRARY = "libc++";
				CLANG_ENABLE_MODULES = YES;
				CLANG_ENABLE_OBJC_ARC = YES;
				CLANG_ENABLE_OBJC_WEAK = YES;
				CLANG_WARN_BLOCK_CAPTURE_AUTORELEASING = YES;
				CLANG_WARN_BOOL_CONVERSION = YES;
				CLANG_WARN_COMMA = YES;
				CLANG_WARN_CONSTANT_CONVERSION = YES;
				CLANG_WARN_DEPRECATED_OBJC_IMPLEMENTATIONS = YES;
				CLANG_WARN_DIRECT_OBJC_ISA_USAGE = YES_ERROR;
				CLANG_WARN_DOCUMENTATION_COMMENTS = YES;
				CLANG_WARN_EMPTY_BODY = YES;
				CLANG_WARN_ENUM_CONVERSION = YES;
				CLANG_WARN_INFINITE_RECURSION = YES;
				CLANG_WARN_INT_CONVERSION = YES;
				CLANG_WARN_NON_LITERAL_NULL_CONVERSION = YES;
				CLANG_WARN_OBJC_IMPLICIT_RETAIN_SELF = YES;
				CLANG_WARN_OBJC_LITERAL_CONVERSION = YES;
				CLANG_WARN_OBJC_ROOT_CLASS = YES_ERROR;
				CLANG_WARN_RANGE_LOOP_ANALYSIS = YES;
				CLANG_WARN_STRICT_PROTOTYPES = YES;
				CLANG_WARN_SUSPICIOUS_MOVE = YES;
				CLANG_WARN_UNGUARDED_AVAILABILITY = YES_AGGRESSIVE;
				CLANG_WARN_UNREACHABLE_CODE = YES;
				CLANG_WARN__DUPLICATE_METHOD_MATCH = YES;
				COPY_PHASE_STRIP = NO;
				DEBUG_INFORMATION_FORMAT = "dwarf-with-dsym";
				ENABLE_NS_ASSERTIONS = NO;
				ENABLE_STRICT_OBJC_MSGSEND = YES;
				GCC_C_LANGUAGE_STANDARD = gnu11;
				GCC_NO_COMMON_BLOCKS = YES;
				GCC_WARN_64_TO_32_BIT_CONVERSION = YES;
				GCC_WARN_ABOUT_RETURN_TYPE = YES_ERROR;
				GCC_WARN_UNDECLARED_SELECTOR = YES;
				GCC_WARN_UNINITIALIZED_AUTOS = YES_AGGRESSIVE;
				GCC_WARN_UNUSED_FUNCTION = YES;
				GCC_WARN_UNUSED_VARIABLE = YES;
				IPHONEOS_DEPLOYMENT_TARGET = 13.2;
				MTL_ENABLE_DEBUG_INFO = NO;
				MTL_FAST_MATH = YES;
				SDKROOT = iphoneos;
				SWIFT_COMPILATION_MODE = wholemodule;
				SWIFT_OPTIMIZATION_LEVEL = "-O";
				VALIDATE_PRODUCT = YES;
			};
			name = Release;
		};
		84714FD5244809B80012F032 /* Debug */ = {
			isa = XCBuildConfiguration;
			baseConfigurationReference = 0DF74C5DDC30D44FC44C43DA /* Pods-TheMoviesDb.debug.xcconfig */;
			buildSettings = {
				ASSETCATALOG_COMPILER_APPICON_NAME = AppIcon;
				CODE_SIGN_STYLE = Automatic;
				INFOPLIST_FILE = "TheMoviesDb/Supporting Files/Info.plist";
				LD_RUNPATH_SEARCH_PATHS = (
					"$(inherited)",
					"@executable_path/Frameworks",
				);
				PRODUCT_BUNDLE_IDENTIFIER = anhnt.com.movies.TheMoviesDb;
				PRODUCT_NAME = "$(TARGET_NAME)";
				SWIFT_VERSION = 5.0;
				TARGETED_DEVICE_FAMILY = "1,2";
			};
			name = Debug;
		};
		84714FD6244809B80012F032 /* Release */ = {
			isa = XCBuildConfiguration;
			baseConfigurationReference = 7B5DB13F1F35294CBE566670 /* Pods-TheMoviesDb.release.xcconfig */;
			buildSettings = {
				ASSETCATALOG_COMPILER_APPICON_NAME = AppIcon;
				CODE_SIGN_STYLE = Automatic;
				INFOPLIST_FILE = "TheMoviesDb/Supporting Files/Info.plist";
				LD_RUNPATH_SEARCH_PATHS = (
					"$(inherited)",
					"@executable_path/Frameworks",
				);
				PRODUCT_BUNDLE_IDENTIFIER = anhnt.com.movies.TheMoviesDb;
				PRODUCT_NAME = "$(TARGET_NAME)";
				SWIFT_VERSION = 5.0;
				TARGETED_DEVICE_FAMILY = "1,2";
			};
			name = Release;
		};
		84714FD8244809B80012F032 /* Debug */ = {
			isa = XCBuildConfiguration;
			baseConfigurationReference = ECCFE4F2B4EC94D075A91BEB /* Pods-TheMoviesDbTests.debug.xcconfig */;
			buildSettings = {
				ALWAYS_EMBED_SWIFT_STANDARD_LIBRARIES = YES;
				BUNDLE_LOADER = "$(TEST_HOST)";
				CODE_SIGN_STYLE = Automatic;
				INFOPLIST_FILE = TheMoviesDbTests/Info.plist;
				IPHONEOS_DEPLOYMENT_TARGET = 13.2;
				LD_RUNPATH_SEARCH_PATHS = (
					"$(inherited)",
					"@executable_path/Frameworks",
					"@loader_path/Frameworks",
				);
				PRODUCT_BUNDLE_IDENTIFIER = anhnt.com.movies.TheMoviesDbTests;
				PRODUCT_NAME = "$(TARGET_NAME)";
				SWIFT_VERSION = 5.0;
				TARGETED_DEVICE_FAMILY = "1,2";
				TEST_HOST = "$(BUILT_PRODUCTS_DIR)/TheMoviesDb.app/TheMoviesDb";
			};
			name = Debug;
		};
		84714FD9244809B80012F032 /* Release */ = {
			isa = XCBuildConfiguration;
			baseConfigurationReference = 03E9FB7E156C32E590555E21 /* Pods-TheMoviesDbTests.release.xcconfig */;
			buildSettings = {
				ALWAYS_EMBED_SWIFT_STANDARD_LIBRARIES = YES;
				BUNDLE_LOADER = "$(TEST_HOST)";
				CODE_SIGN_STYLE = Automatic;
				INFOPLIST_FILE = TheMoviesDbTests/Info.plist;
				IPHONEOS_DEPLOYMENT_TARGET = 13.2;
				LD_RUNPATH_SEARCH_PATHS = (
					"$(inherited)",
					"@executable_path/Frameworks",
					"@loader_path/Frameworks",
				);
				PRODUCT_BUNDLE_IDENTIFIER = anhnt.com.movies.TheMoviesDbTests;
				PRODUCT_NAME = "$(TARGET_NAME)";
				SWIFT_VERSION = 5.0;
				TARGETED_DEVICE_FAMILY = "1,2";
				TEST_HOST = "$(BUILT_PRODUCTS_DIR)/TheMoviesDb.app/TheMoviesDb";
			};
			name = Release;
		};
		84714FDB244809B80012F032 /* Debug */ = {
			isa = XCBuildConfiguration;
			baseConfigurationReference = CC927FBA23AE468B510F280F /* Pods-TheMoviesDb-TheMoviesDbUITests.debug.xcconfig */;
			buildSettings = {
				ALWAYS_EMBED_SWIFT_STANDARD_LIBRARIES = YES;
				CODE_SIGN_STYLE = Automatic;
				INFOPLIST_FILE = TheMoviesDbUITests/Info.plist;
				LD_RUNPATH_SEARCH_PATHS = (
					"$(inherited)",
					"@executable_path/Frameworks",
					"@loader_path/Frameworks",
				);
				PRODUCT_BUNDLE_IDENTIFIER = anhnt.com.movies.TheMoviesDbUITests;
				PRODUCT_NAME = "$(TARGET_NAME)";
				SWIFT_VERSION = 5.0;
				TARGETED_DEVICE_FAMILY = "1,2";
				TEST_TARGET_NAME = TheMoviesDb;
			};
			name = Debug;
		};
		84714FDC244809B80012F032 /* Release */ = {
			isa = XCBuildConfiguration;
			baseConfigurationReference = F2D245B56F97BB71FDF235F2 /* Pods-TheMoviesDb-TheMoviesDbUITests.release.xcconfig */;
			buildSettings = {
				ALWAYS_EMBED_SWIFT_STANDARD_LIBRARIES = YES;
				CODE_SIGN_STYLE = Automatic;
				INFOPLIST_FILE = TheMoviesDbUITests/Info.plist;
				LD_RUNPATH_SEARCH_PATHS = (
					"$(inherited)",
					"@executable_path/Frameworks",
					"@loader_path/Frameworks",
				);
				PRODUCT_BUNDLE_IDENTIFIER = anhnt.com.movies.TheMoviesDbUITests;
				PRODUCT_NAME = "$(TARGET_NAME)";
				SWIFT_VERSION = 5.0;
				TARGETED_DEVICE_FAMILY = "1,2";
				TEST_TARGET_NAME = TheMoviesDb;
			};
			name = Release;
		};
/* End XCBuildConfiguration section */

/* Begin XCConfigurationList section */
		84714FA5244809B70012F032 /* Build configuration list for PBXProject "TheMoviesDb" */ = {
			isa = XCConfigurationList;
			buildConfigurations = (
				84714FD2244809B80012F032 /* Debug */,
				84714FD3244809B80012F032 /* Release */,
			);
			defaultConfigurationIsVisible = 0;
			defaultConfigurationName = Release;
		};
		84714FD4244809B80012F032 /* Build configuration list for PBXNativeTarget "TheMoviesDb" */ = {
			isa = XCConfigurationList;
			buildConfigurations = (
				84714FD5244809B80012F032 /* Debug */,
				84714FD6244809B80012F032 /* Release */,
			);
			defaultConfigurationIsVisible = 0;
			defaultConfigurationName = Release;
		};
		84714FD7244809B80012F032 /* Build configuration list for PBXNativeTarget "TheMoviesDbTests" */ = {
			isa = XCConfigurationList;
			buildConfigurations = (
				84714FD8244809B80012F032 /* Debug */,
				84714FD9244809B80012F032 /* Release */,
			);
			defaultConfigurationIsVisible = 0;
			defaultConfigurationName = Release;
		};
		84714FDA244809B80012F032 /* Build configuration list for PBXNativeTarget "TheMoviesDbUITests" */ = {
			isa = XCConfigurationList;
			buildConfigurations = (
				84714FDB244809B80012F032 /* Debug */,
				84714FDC244809B80012F032 /* Release */,
			);
			defaultConfigurationIsVisible = 0;
			defaultConfigurationName = Release;
		};
/* End XCConfigurationList section */
	};
	rootObject = 84714FA2244809B70012F032 /* Project object */;
}
