// !$*UTF8*$!
{
	archiveVersion = 1;
	classes = {
	};
	objectVersion = 50;
	objects = {

/* Begin PBXBuildFile section */
		845C73E024483E8B00CDAB62 /* ImageName.swift in Sources */ = {isa = PBXBuildFile; fileRef = 845C73DF24483E8B00CDAB62 /* ImageName.swift */; };
		84714FAE244809B70012F032 /* AppDelegate.swift in Sources */ = {isa = PBXBuildFile; fileRef = 84714FAD244809B70012F032 /* AppDelegate.swift */; };
		84714FB0244809B70012F032 /* SceneDelegate.swift in Sources */ = {isa = PBXBuildFile; fileRef = 84714FAF244809B70012F032 /* SceneDelegate.swift */; };
		84714FB2244809B70012F032 /* HomeViewController.swift in Sources */ = {isa = PBXBuildFile; fileRef = 84714FB1244809B70012F032 /* HomeViewController.swift */; };
		84714FB5244809B70012F032 /* Main.storyboard in Resources */ = {isa = PBXBuildFile; fileRef = 84714FB3244809B70012F032 /* Main.storyboard */; };
		84714FB7244809B80012F032 /* Assets.xcassets in Resources */ = {isa = PBXBuildFile; fileRef = 84714FB6244809B80012F032 /* Assets.xcassets */; };
		84714FBA244809B80012F032 /* LaunchScreen.storyboard in Resources */ = {isa = PBXBuildFile; fileRef = 84714FB8244809B80012F032 /* LaunchScreen.storyboard */; };
		84714FC5244809B80012F032 /* TheMoviesDbTests.swift in Sources */ = {isa = PBXBuildFile; fileRef = 84714FC4244809B80012F032 /* TheMoviesDbTests.swift */; };
		84714FD0244809B80012F032 /* TheMoviesDbUITests.swift in Sources */ = {isa = PBXBuildFile; fileRef = 84714FCF244809B80012F032 /* TheMoviesDbUITests.swift */; };
/* End PBXBuildFile section */

/* Begin PBXContainerItemProxy section */
		84714FC1244809B80012F032 /* PBXContainerItemProxy */ = {
			isa = PBXContainerItemProxy;
			containerPortal = 84714FA2244809B70012F032 /* Project object */;
			proxyType = 1;
			remoteGlobalIDString = 84714FA9244809B70012F032;
			remoteInfo = TheMoviesDb;
		};
		84714FCC244809B80012F032 /* PBXContainerItemProxy */ = {
			isa = PBXContainerItemProxy;
			containerPortal = 84714FA2244809B70012F032 /* Project object */;
			proxyType = 1;
			remoteGlobalIDString = 84714FA9244809B70012F032;
			remoteInfo = TheMoviesDb;
		};
/* End PBXContainerItemProxy section */

/* Begin PBXFileReference section */
		845C73DF24483E8B00CDAB62 /* ImageName.swift */ = {isa = PBXFileReference; lastKnownFileType = sourcecode.swift; path = ImageName.swift; sourceTree = "<group>"; };
		84714FAA244809B70012F032 /* TheMoviesDb.app */ = {isa = PBXFileReference; explicitFileType = wrapper.application; includeInIndex = 0; path = TheMoviesDb.app; sourceTree = BUILT_PRODUCTS_DIR; };
		84714FAD244809B70012F032 /* AppDelegate.swift */ = {isa = PBXFileReference; lastKnownFileType = sourcecode.swift; path = AppDelegate.swift; sourceTree = "<group>"; };
		84714FAF244809B70012F032 /* SceneDelegate.swift */ = {isa = PBXFileReference; lastKnownFileType = sourcecode.swift; path = SceneDelegate.swift; sourceTree = "<group>"; };
		84714FB1244809B70012F032 /* HomeViewController.swift */ = {isa = PBXFileReference; lastKnownFileType = sourcecode.swift; path = HomeViewController.swift; sourceTree = "<group>"; };
		84714FB4244809B70012F032 /* Base */ = {isa = PBXFileReference; lastKnownFileType = file.storyboard; name = Base; path = Base.lproj/Main.storyboard; sourceTree = "<group>"; };
		84714FB6244809B80012F032 /* Assets.xcassets */ = {isa = PBXFileReference; lastKnownFileType = folder.assetcatalog; path = Assets.xcassets; sourceTree = "<group>"; };
		84714FB9244809B80012F032 /* Base */ = {isa = PBXFileReference; lastKnownFileType = file.storyboard; name = Base; path = Base.lproj/LaunchScreen.storyboard; sourceTree = "<group>"; };
		84714FBB244809B80012F032 /* Info.plist */ = {isa = PBXFileReference; lastKnownFileType = text.plist.xml; path = Info.plist; sourceTree = "<group>"; };
		84714FC0244809B80012F032 /* TheMoviesDbTests.xctest */ = {isa = PBXFileReference; explicitFileType = wrapper.cfbundle; includeInIndex = 0; path = TheMoviesDbTests.xctest; sourceTree = BUILT_PRODUCTS_DIR; };
		84714FC4244809B80012F032 /* TheMoviesDbTests.swift */ = {isa = PBXFileReference; lastKnownFileType = sourcecode.swift; path = TheMoviesDbTests.swift; sourceTree = "<group>"; };
		84714FC6244809B80012F032 /* Info.plist */ = {isa = PBXFileReference; lastKnownFileType = text.plist.xml; path = Info.plist; sourceTree = "<group>"; };
		84714FCB244809B80012F032 /* TheMoviesDbUITests.xctest */ = {isa = PBXFileReference; explicitFileType = wrapper.cfbundle; includeInIndex = 0; path = TheMoviesDbUITests.xctest; sourceTree = BUILT_PRODUCTS_DIR; };
		84714FCF244809B80012F032 /* TheMoviesDbUITests.swift */ = {isa = PBXFileReference; lastKnownFileType = sourcecode.swift; path = TheMoviesDbUITests.swift; sourceTree = "<group>"; };
		84714FD1244809B80012F032 /* Info.plist */ = {isa = PBXFileReference; lastKnownFileType = text.plist.xml; path = Info.plist; sourceTree = "<group>"; };
/* End PBXFileReference section */

/* Begin PBXFrameworksBuildPhase section */
		84714FA7244809B70012F032 /* Frameworks */ = {
			isa = PBXFrameworksBuildPhase;
			buildActionMask = 2147483647;
			files = (
			);
			runOnlyForDeploymentPostprocessing = 0;
		};
		84714FBD244809B80012F032 /* Frameworks */ = {
			isa = PBXFrameworksBuildPhase;
			buildActionMask = 2147483647;
			files = (
			);
			runOnlyForDeploymentPostprocessing = 0;
		};
		84714FC8244809B80012F032 /* Frameworks */ = {
			isa = PBXFrameworksBuildPhase;
			buildActionMask = 2147483647;
			files = (
			);
			runOnlyForDeploymentPostprocessing = 0;
		};
/* End PBXFrameworksBuildPhase section */

/* Begin PBXGroup section */
		84714FA1244809B70012F032 = {
			isa = PBXGroup;
			children = (
				84714FAC244809B70012F032 /* TheMoviesDb */,
				84714FC3244809B80012F032 /* TheMoviesDbTests */,
				84714FCE244809B80012F032 /* TheMoviesDbUITests */,
				84714FAB244809B70012F032 /* Products */,
			);
			sourceTree = "<group>";
		};
		84714FAB244809B70012F032 /* Products */ = {
			isa = PBXGroup;
			children = (
				84714FAA244809B70012F032 /* TheMoviesDb.app */,
				84714FC0244809B80012F032 /* TheMoviesDbTests.xctest */,
				84714FCB244809B80012F032 /* TheMoviesDbUITests.xctest */,
			);
			name = Products;
			sourceTree = "<group>";
		};
		84714FAC244809B70012F032 /* TheMoviesDb */ = {
			isa = PBXGroup;
			children = (
				84714FAD244809B70012F032 /* AppDelegate.swift */,
				84714FAF244809B70012F032 /* SceneDelegate.swift */,
				84714FB1244809B70012F032 /* HomeViewController.swift */,
				84714FB3244809B70012F032 /* Main.storyboard */,
				84714FB6244809B80012F032 /* Assets.xcassets */,
				84714FB8244809B80012F032 /* LaunchScreen.storyboard */,
				84714FBB244809B80012F032 /* Info.plist */,
				845C73DF24483E8B00CDAB62 /* ImageName.swift */,
			);
			path = TheMoviesDb;
			sourceTree = "<group>";
		};
		84714FC3244809B80012F032 /* TheMoviesDbTests */ = {
			isa = PBXGroup;
			children = (
				84714FC4244809B80012F032 /* TheMoviesDbTests.swift */,
				84714FC6244809B80012F032 /* Info.plist */,
			);
			path = TheMoviesDbTests;
			sourceTree = "<group>";
		};
		84714FCE244809B80012F032 /* TheMoviesDbUITests */ = {
			isa = PBXGroup;
			children = (
				84714FCF244809B80012F032 /* TheMoviesDbUITests.swift */,
				84714FD1244809B80012F032 /* Info.plist */,
			);
			path = TheMoviesDbUITests;
			sourceTree = "<group>";
		};
/* End PBXGroup section */

/* Begin PBXNativeTarget section */
		84714FA9244809B70012F032 /* TheMoviesDb */ = {
			isa = PBXNativeTarget;
			buildConfigurationList = 84714FD4244809B80012F032 /* Build configuration list for PBXNativeTarget "TheMoviesDb" */;
			buildPhases = (
				84714FA6244809B70012F032 /* Sources */,
				84714FA7244809B70012F032 /* Frameworks */,
				84714FA8244809B70012F032 /* Resources */,
			);
			buildRules = (
			);
			dependencies = (
			);
			name = TheMoviesDb;
			productName = TheMoviesDb;
			productReference = 84714FAA244809B70012F032 /* TheMoviesDb.app */;
			productType = "com.apple.product-type.application";
		};
		84714FBF244809B80012F032 /* TheMoviesDbTests */ = {
			isa = PBXNativeTarget;
			buildConfigurationList = 84714FD7244809B80012F032 /* Build configuration list for PBXNativeTarget "TheMoviesDbTests" */;
			buildPhases = (
				84714FBC244809B80012F032 /* Sources */,
				84714FBD244809B80012F032 /* Frameworks */,
				84714FBE244809B80012F032 /* Resources */,
			);
			buildRules = (
			);
			dependencies = (
				84714FC2244809B80012F032 /* PBXTargetDependency */,
			);
			name = TheMoviesDbTests;
			productName = TheMoviesDbTests;
			productReference = 84714FC0244809B80012F032 /* TheMoviesDbTests.xctest */;
			productType = "com.apple.product-type.bundle.unit-test";
		};
		84714FCA244809B80012F032 /* TheMoviesDbUITests */ = {
			isa = PBXNativeTarget;
			buildConfigurationList = 84714FDA244809B80012F032 /* Build configuration list for PBXNativeTarget "TheMoviesDbUITests" */;
			buildPhases = (
				84714FC7244809B80012F032 /* Sources */,
				84714FC8244809B80012F032 /* Frameworks */,
				84714FC9244809B80012F032 /* Resources */,
			);
			buildRules = (
			);
			dependencies = (
				84714FCD244809B80012F032 /* PBXTargetDependency */,
			);
			name = TheMoviesDbUITests;
			productName = TheMoviesDbUITests;
			productReference = 84714FCB244809B80012F032 /* TheMoviesDbUITests.xctest */;
			productType = "com.apple.product-type.bundle.ui-testing";
		};
/* End PBXNativeTarget section */

/* Begin PBXProject section */
		84714FA2244809B70012F032 /* Project object */ = {
			isa = PBXProject;
			attributes = {
				LastSwiftUpdateCheck = 1130;
				LastUpgradeCheck = 1130;
				ORGANIZATIONNAME = admin;
				TargetAttributes = {
					84714FA9244809B70012F032 = {
						CreatedOnToolsVersion = 11.3.1;
					};
					84714FBF244809B80012F032 = {
						CreatedOnToolsVersion = 11.3.1;
						TestTargetID = 84714FA9244809B70012F032;
					};
					84714FCA244809B80012F032 = {
						CreatedOnToolsVersion = 11.3.1;
						TestTargetID = 84714FA9244809B70012F032;
					};
				};
			};
			buildConfigurationList = 84714FA5244809B70012F032 /* Build configuration list for PBXProject "TheMoviesDb" */;
			compatibilityVersion = "Xcode 9.3";
			developmentRegion = en;
			hasScannedForEncodings = 0;
			knownRegions = (
				en,
				Base,
			);
			mainGroup = 84714FA1244809B70012F032;
			productRefGroup = 84714FAB244809B70012F032 /* Products */;
			projectDirPath = "";
			projectRoot = "";
			targets = (
				84714FA9244809B70012F032 /* TheMoviesDb */,
				84714FBF244809B80012F032 /* TheMoviesDbTests */,
				84714FCA244809B80012F032 /* TheMoviesDbUITests */,
			);
		};
/* End PBXProject section */

/* Begin PBXResourcesBuildPhase section */
		84714FA8244809B70012F032 /* Resources */ = {
			isa = PBXResourcesBuildPhase;
			buildActionMask = 2147483647;
			files = (
				84714FBA244809B80012F032 /* LaunchScreen.storyboard in Resources */,
				84714FB7244809B80012F032 /* Assets.xcassets in Resources */,
				84714FB5244809B70012F032 /* Main.storyboard in Resources */,
			);
			runOnlyForDeploymentPostprocessing = 0;
		};
		84714FBE244809B80012F032 /* Resources */ = {
			isa = PBXResourcesBuildPhase;
			buildActionMask = 2147483647;
			files = (
			);
			runOnlyForDeploymentPostprocessing = 0;
		};
		84714FC9244809B80012F032 /* Resources */ = {
			isa = PBXResourcesBuildPhase;
			buildActionMask = 2147483647;
			files = (
			);
			runOnlyForDeploymentPostprocessing = 0;
		};
/* End PBXResourcesBuildPhase section */

/* Begin PBXSourcesBuildPhase section */
		84714FA6244809B70012F032 /* Sources */ = {
			isa = PBXSourcesBuildPhase;
			buildActionMask = 2147483647;
			files = (
				84714FB2244809B70012F032 /* HomeViewController.swift in Sources */,
				84714FAE244809B70012F032 /* AppDelegate.swift in Sources */,
				845C73E024483E8B00CDAB62 /* ImageName.swift in Sources */,
				84714FB0244809B70012F032 /* SceneDelegate.swift in Sources */,
			);
			runOnlyForDeploymentPostprocessing = 0;
		};
		84714FBC244809B80012F032 /* Sources */ = {
			isa = PBXSourcesBuildPhase;
			buildActionMask = 2147483647;
			files = (
				84714FC5244809B80012F032 /* TheMoviesDbTests.swift in Sources */,
			);
			runOnlyForDeploymentPostprocessing = 0;
		};
		84714FC7244809B80012F032 /* Sources */ = {
			isa = PBXSourcesBuildPhase;
			buildActionMask = 2147483647;
			files = (
				84714FD0244809B80012F032 /* TheMoviesDbUITests.swift in Sources */,
			);
			runOnlyForDeploymentPostprocessing = 0;
		};
/* End PBXSourcesBuildPhase section */

/* Begin PBXTargetDependency section */
		84714FC2244809B80012F032 /* PBXTargetDependency */ = {
			isa = PBXTargetDependency;
			target = 84714FA9244809B70012F032 /* TheMoviesDb */;
			targetProxy = 84714FC1244809B80012F032 /* PBXContainerItemProxy */;
		};
		84714FCD244809B80012F032 /* PBXTargetDependency */ = {
			isa = PBXTargetDependency;
			target = 84714FA9244809B70012F032 /* TheMoviesDb */;
			targetProxy = 84714FCC244809B80012F032 /* PBXContainerItemProxy */;
		};
/* End PBXTargetDependency section */

/* Begin PBXVariantGroup section */
		84714FB3244809B70012F032 /* Main.storyboard */ = {
			isa = PBXVariantGroup;
			children = (
				84714FB4244809B70012F032 /* Base */,
			);
			name = Main.storyboard;
			sourceTree = "<group>";
		};
		84714FB8244809B80012F032 /* LaunchScreen.storyboard */ = {
			isa = PBXVariantGroup;
			children = (
				84714FB9244809B80012F032 /* Base */,
			);
			name = LaunchScreen.storyboard;
			sourceTree = "<group>";
		};
/* End PBXVariantGroup section */

/* Begin XCBuildConfiguration section */
		84714FD2244809B80012F032 /* Debug */ = {
			isa = XCBuildConfiguration;
			buildSettings = {
				ALWAYS_SEARCH_USER_PATHS = NO;
				CLANG_ANALYZER_NONNULL = YES;
				CLANG_ANALYZER_NUMBER_OBJECT_CONVERSION = YES_AGGRESSIVE;
				CLANG_CXX_LANGUAGE_STANDARD = "gnu++14";
				CLANG_CXX_LIBRARY = "libc++";
				CLANG_ENABLE_MODULES = YES;
				CLANG_ENABLE_OBJC_ARC = YES;
				CLANG_ENABLE_OBJC_WEAK = YES;
				CLANG_WARN_BLOCK_CAPTURE_AUTORELEASING = YES;
				CLANG_WARN_BOOL_CONVERSION = YES;
				CLANG_WARN_COMMA = YES;
				CLANG_WARN_CONSTANT_CONVERSION = YES;
				CLANG_WARN_DEPRECATED_OBJC_IMPLEMENTATIONS = YES;
				CLANG_WARN_DIRECT_OBJC_ISA_USAGE = YES_ERROR;
				CLANG_WARN_DOCUMENTATION_COMMENTS = YES;
				CLANG_WARN_EMPTY_BODY = YES;
				CLANG_WARN_ENUM_CONVERSION = YES;
				CLANG_WARN_INFINITE_RECURSION = YES;
				CLANG_WARN_INT_CONVERSION = YES;
				CLANG_WARN_NON_LITERAL_NULL_CONVERSION = YES;
				CLANG_WARN_OBJC_IMPLICIT_RETAIN_SELF = YES;
				CLANG_WARN_OBJC_LITERAL_CONVERSION = YES;
				CLANG_WARN_OBJC_ROOT_CLASS = YES_ERROR;
				CLANG_WARN_RANGE_LOOP_ANALYSIS = YES;
				CLANG_WARN_STRICT_PROTOTYPES = YES;
				CLANG_WARN_SUSPICIOUS_MOVE = YES;
				CLANG_WARN_UNGUARDED_AVAILABILITY = YES_AGGRESSIVE;
				CLANG_WARN_UNREACHABLE_CODE = YES;
				CLANG_WARN__DUPLICATE_METHOD_MATCH = YES;
				COPY_PHASE_STRIP = NO;
				DEBUG_INFORMATION_FORMAT = dwarf;
				ENABLE_STRICT_OBJC_MSGSEND = YES;
				ENABLE_TESTABILITY = YES;
				GCC_C_LANGUAGE_STANDARD = gnu11;
				GCC_DYNAMIC_NO_PIC = NO;
				GCC_NO_COMMON_BLOCKS = YES;
				GCC_OPTIMIZATION_LEVEL = 0;
				GCC_PREPROCESSOR_DEFINITIONS = (
					"DEBUG=1",
					"$(inherited)",
				);
				GCC_WARN_64_TO_32_BIT_CONVERSION = YES;
				GCC_WARN_ABOUT_RETURN_TYPE = YES_ERROR;
				GCC_WARN_UNDECLARED_SELECTOR = YES;
				GCC_WARN_UNINITIALIZED_AUTOS = YES_AGGRESSIVE;
				GCC_WARN_UNUSED_FUNCTION = YES;
				GCC_WARN_UNUSED_VARIABLE = YES;
				IPHONEOS_DEPLOYMENT_TARGET = 13.2;
				MTL_ENABLE_DEBUG_INFO = INCLUDE_SOURCE;
				MTL_FAST_MATH = YES;
				ONLY_ACTIVE_ARCH = YES;
				SDKROOT = iphoneos;
				SWIFT_ACTIVE_COMPILATION_CONDITIONS = DEBUG;
				SWIFT_OPTIMIZATION_LEVEL = "-Onone";
			};
			name = Debug;
		};
		84714FD3244809B80012F032 /* Release */ = {
			isa = XCBuildConfiguration;
			buildSettings = {
				ALWAYS_SEARCH_USER_PATHS = NO;
				CLANG_ANALYZER_NONNULL = YES;
				CLANG_ANALYZER_NUMBER_OBJECT_CONVERSION = YES_AGGRESSIVE;
				CLANG_CXX_LANGUAGE_STANDARD = "gnu++14";
				CLANG_CXX_LIBRARY = "libc++";
				CLANG_ENABLE_MODULES = YES;
				CLANG_ENABLE_OBJC_ARC = YES;
				CLANG_ENABLE_OBJC_WEAK = YES;
				CLANG_WARN_BLOCK_CAPTURE_AUTORELEASING = YES;
				CLANG_WARN_BOOL_CONVERSION = YES;
				CLANG_WARN_COMMA = YES;
				CLANG_WARN_CONSTANT_CONVERSION = YES;
				CLANG_WARN_DEPRECATED_OBJC_IMPLEMENTATIONS = YES;
				CLANG_WARN_DIRECT_OBJC_ISA_USAGE = YES_ERROR;
				CLANG_WARN_DOCUMENTATION_COMMENTS = YES;
				CLANG_WARN_EMPTY_BODY = YES;
				CLANG_WARN_ENUM_CONVERSION = YES;
				CLANG_WARN_INFINITE_RECURSION = YES;
				CLANG_WARN_INT_CONVERSION = YES;
				CLANG_WARN_NON_LITERAL_NULL_CONVERSION = YES;
				CLANG_WARN_OBJC_IMPLICIT_RETAIN_SELF = YES;
				CLANG_WARN_OBJC_LITERAL_CONVERSION = YES;
				CLANG_WARN_OBJC_ROOT_CLASS = YES_ERROR;
				CLANG_WARN_RANGE_LOOP_ANALYSIS = YES;
				CLANG_WARN_STRICT_PROTOTYPES = YES;
				CLANG_WARN_SUSPICIOUS_MOVE = YES;
				CLANG_WARN_UNGUARDED_AVAILABILITY = YES_AGGRESSIVE;
				CLANG_WARN_UNREACHABLE_CODE = YES;
				CLANG_WARN__DUPLICATE_METHOD_MATCH = YES;
				COPY_PHASE_STRIP = NO;
				DEBUG_INFORMATION_FORMAT = "dwarf-with-dsym";
				ENABLE_NS_ASSERTIONS = NO;
				ENABLE_STRICT_OBJC_MSGSEND = YES;
				GCC_C_LANGUAGE_STANDARD = gnu11;
				GCC_NO_COMMON_BLOCKS = YES;
				GCC_WARN_64_TO_32_BIT_CONVERSION = YES;
				GCC_WARN_ABOUT_RETURN_TYPE = YES_ERROR;
				GCC_WARN_UNDECLARED_SELECTOR = YES;
				GCC_WARN_UNINITIALIZED_AUTOS = YES_AGGRESSIVE;
				GCC_WARN_UNUSED_FUNCTION = YES;
				GCC_WARN_UNUSED_VARIABLE = YES;
				IPHONEOS_DEPLOYMENT_TARGET = 13.2;
				MTL_ENABLE_DEBUG_INFO = NO;
				MTL_FAST_MATH = YES;
				SDKROOT = iphoneos;
				SWIFT_COMPILATION_MODE = wholemodule;
				SWIFT_OPTIMIZATION_LEVEL = "-O";
				VALIDATE_PRODUCT = YES;
			};
			name = Release;
		};
		84714FD5244809B80012F032 /* Debug */ = {
			isa = XCBuildConfiguration;
			buildSettings = {
				ASSETCATALOG_COMPILER_APPICON_NAME = AppIcon;
				CODE_SIGN_STYLE = Automatic;
				INFOPLIST_FILE = TheMoviesDb/Info.plist;
				LD_RUNPATH_SEARCH_PATHS = (
					"$(inherited)",
					"@executable_path/Frameworks",
				);
				PRODUCT_BUNDLE_IDENTIFIER = anhnt.com.movies.TheMoviesDb;
				PRODUCT_NAME = "$(TARGET_NAME)";
				SWIFT_VERSION = 5.0;
				TARGETED_DEVICE_FAMILY = "1,2";
			};
			name = Debug;
		};
		84714FD6244809B80012F032 /* Release */ = {
			isa = XCBuildConfiguration;
			buildSettings = {
				ASSETCATALOG_COMPILER_APPICON_NAME = AppIcon;
				CODE_SIGN_STYLE = Automatic;
				INFOPLIST_FILE = TheMoviesDb/Info.plist;
				LD_RUNPATH_SEARCH_PATHS = (
					"$(inherited)",
					"@executable_path/Frameworks",
				);
				PRODUCT_BUNDLE_IDENTIFIER = anhnt.com.movies.TheMoviesDb;
				PRODUCT_NAME = "$(TARGET_NAME)";
				SWIFT_VERSION = 5.0;
				TARGETED_DEVICE_FAMILY = "1,2";
			};
			name = Release;
		};
		84714FD8244809B80012F032 /* Debug */ = {
			isa = XCBuildConfiguration;
			buildSettings = {
				ALWAYS_EMBED_SWIFT_STANDARD_LIBRARIES = YES;
				BUNDLE_LOADER = "$(TEST_HOST)";
				CODE_SIGN_STYLE = Automatic;
				INFOPLIST_FILE = TheMoviesDbTests/Info.plist;
				IPHONEOS_DEPLOYMENT_TARGET = 13.2;
				LD_RUNPATH_SEARCH_PATHS = (
					"$(inherited)",
					"@executable_path/Frameworks",
					"@loader_path/Frameworks",
				);
				PRODUCT_BUNDLE_IDENTIFIER = anhnt.com.movies.TheMoviesDbTests;
				PRODUCT_NAME = "$(TARGET_NAME)";
				SWIFT_VERSION = 5.0;
				TARGETED_DEVICE_FAMILY = "1,2";
				TEST_HOST = "$(BUILT_PRODUCTS_DIR)/TheMoviesDb.app/TheMoviesDb";
			};
			name = Debug;
		};
		84714FD9244809B80012F032 /* Release */ = {
			isa = XCBuildConfiguration;
			buildSettings = {
				ALWAYS_EMBED_SWIFT_STANDARD_LIBRARIES = YES;
				BUNDLE_LOADER = "$(TEST_HOST)";
				CODE_SIGN_STYLE = Automatic;
				INFOPLIST_FILE = TheMoviesDbTests/Info.plist;
				IPHONEOS_DEPLOYMENT_TARGET = 13.2;
				LD_RUNPATH_SEARCH_PATHS = (
					"$(inherited)",
					"@executable_path/Frameworks",
					"@loader_path/Frameworks",
				);
				PRODUCT_BUNDLE_IDENTIFIER = anhnt.com.movies.TheMoviesDbTests;
				PRODUCT_NAME = "$(TARGET_NAME)";
				SWIFT_VERSION = 5.0;
				TARGETED_DEVICE_FAMILY = "1,2";
				TEST_HOST = "$(BUILT_PRODUCTS_DIR)/TheMoviesDb.app/TheMoviesDb";
			};
			name = Release;
		};
		84714FDB244809B80012F032 /* Debug */ = {
			isa = XCBuildConfiguration;
			buildSettings = {
				ALWAYS_EMBED_SWIFT_STANDARD_LIBRARIES = YES;
				CODE_SIGN_STYLE = Automatic;
				INFOPLIST_FILE = TheMoviesDbUITests/Info.plist;
				LD_RUNPATH_SEARCH_PATHS = (
					"$(inherited)",
					"@executable_path/Frameworks",
					"@loader_path/Frameworks",
				);
				PRODUCT_BUNDLE_IDENTIFIER = anhnt.com.movies.TheMoviesDbUITests;
				PRODUCT_NAME = "$(TARGET_NAME)";
				SWIFT_VERSION = 5.0;
				TARGETED_DEVICE_FAMILY = "1,2";
				TEST_TARGET_NAME = TheMoviesDb;
			};
			name = Debug;
		};
		84714FDC244809B80012F032 /* Release */ = {
			isa = XCBuildConfiguration;
			buildSettings = {
				ALWAYS_EMBED_SWIFT_STANDARD_LIBRARIES = YES;
				CODE_SIGN_STYLE = Automatic;
				INFOPLIST_FILE = TheMoviesDbUITests/Info.plist;
				LD_RUNPATH_SEARCH_PATHS = (
					"$(inherited)",
					"@executable_path/Frameworks",
					"@loader_path/Frameworks",
				);
				PRODUCT_BUNDLE_IDENTIFIER = anhnt.com.movies.TheMoviesDbUITests;
				PRODUCT_NAME = "$(TARGET_NAME)";
				SWIFT_VERSION = 5.0;
				TARGETED_DEVICE_FAMILY = "1,2";
				TEST_TARGET_NAME = TheMoviesDb;
			};
			name = Release;
		};
/* End XCBuildConfiguration section */

/* Begin XCConfigurationList section */
		84714FA5244809B70012F032 /* Build configuration list for PBXProject "TheMoviesDb" */ = {
			isa = XCConfigurationList;
			buildConfigurations = (
				84714FD2244809B80012F032 /* Debug */,
				84714FD3244809B80012F032 /* Release */,
			);
			defaultConfigurationIsVisible = 0;
			defaultConfigurationName = Release;
		};
		84714FD4244809B80012F032 /* Build configuration list for PBXNativeTarget "TheMoviesDb" */ = {
			isa = XCConfigurationList;
			buildConfigurations = (
				84714FD5244809B80012F032 /* Debug */,
				84714FD6244809B80012F032 /* Release */,
			);
			defaultConfigurationIsVisible = 0;
			defaultConfigurationName = Release;
		};
		84714FD7244809B80012F032 /* Build configuration list for PBXNativeTarget "TheMoviesDbTests" */ = {
			isa = XCConfigurationList;
			buildConfigurations = (
				84714FD8244809B80012F032 /* Debug */,
				84714FD9244809B80012F032 /* Release */,
			);
			defaultConfigurationIsVisible = 0;
			defaultConfigurationName = Release;
		};
		84714FDA244809B80012F032 /* Build configuration list for PBXNativeTarget "TheMoviesDbUITests" */ = {
			isa = XCConfigurationList;
			buildConfigurations = (
				84714FDB244809B80012F032 /* Debug */,
				84714FDC244809B80012F032 /* Release */,
			);
			defaultConfigurationIsVisible = 0;
			defaultConfigurationName = Release;
		};
/* End XCConfigurationList section */
	};
	rootObject = 84714FA2244809B70012F032 /* Project object */;
}
