PODS:
  - Cosmos (21.0.0)
  - SnapKit (5.0.1)

DEPENDENCIES:
  - Cosmos (~> 21.0)
  - SnapKit (~> 5.0.0)

SPEC REPOS:
  trunk:
    - Cosmos
    - SnapKit

SPEC CHECKSUMS:
  Cosmos: 3dfb6e4ba48bd48b8c9aa2a77048ae11ed114f96
  SnapKit: 97b92857e3df3a0c71833cce143274bf6ef8e5eb

PODFILE CHECKSUM: 0411644b5945e7140e014b65386e878a685b6229

COCOAPODS: 1.8.4
